// !$*UTF8*$!
{
	archiveVersion = 1;
	classes = {
	};
	objectVersion = 50;
	objects = {

/* Begin PBXBuildFile section */
		5087F877239983BD00104D51 /* AppDelegate.swift in Sources */ = {isa = PBXBuildFile; fileRef = 5087F876239983BD00104D51 /* AppDelegate.swift */; };
		5087F879239983BD00104D51 /* SceneDelegate.swift in Sources */ = {isa = PBXBuildFile; fileRef = 5087F878239983BD00104D51 /* SceneDelegate.swift */; };
		5087F880239983BE00104D51 /* Assets.xcassets in Resources */ = {isa = PBXBuildFile; fileRef = 5087F87F239983BE00104D51 /* Assets.xcassets */; };
		5087F88E239983BF00104D51 /* WeatherInfoItemTests.swift in Sources */ = {isa = PBXBuildFile; fileRef = 5087F88D239983BF00104D51 /* WeatherInfoItemTests.swift */; };
		5087F89E2399870800104D51 /* CitiesTableViewController.swift in Sources */ = {isa = PBXBuildFile; fileRef = 5087F89C2399870800104D51 /* CitiesTableViewController.swift */; };
		5087F8A32399974800104D51 /* CityNextDaysViewController.swift in Sources */ = {isa = PBXBuildFile; fileRef = 5087F8A22399974800104D51 /* CityNextDaysViewController.swift */; };
		5087F8A52399A84000104D51 /* Launch Screen.storyboard in Resources */ = {isa = PBXBuildFile; fileRef = 5087F8A42399A84000104D51 /* Launch Screen.storyboard */; };
		5087F8A8239A585400104D51 /* WeatherInfoItem.swift in Sources */ = {isa = PBXBuildFile; fileRef = 5087F8A7239A585400104D51 /* WeatherInfoItem.swift */; };
		5087F8A9239A5A1100104D51 /* WeatherInfoItem.swift in Sources */ = {isa = PBXBuildFile; fileRef = 5087F8A7239A585400104D51 /* WeatherInfoItem.swift */; };
/* End PBXBuildFile section */

/* Begin PBXContainerItemProxy section */
		5087F88A239983BF00104D51 /* PBXContainerItemProxy */ = {
			isa = PBXContainerItemProxy;
			containerPortal = 5087F86B239983BD00104D51 /* Project object */;
			proxyType = 1;
			remoteGlobalIDString = 5087F872239983BD00104D51;
			remoteInfo = QuickWeatherChanel;
		};
/* End PBXContainerItemProxy section */

/* Begin PBXFileReference section */
		5087F873239983BD00104D51 /* QuickWeatherChanel.app */ = {isa = PBXFileReference; explicitFileType = wrapper.application; includeInIndex = 0; path = QuickWeatherChanel.app; sourceTree = BUILT_PRODUCTS_DIR; };
		5087F876239983BD00104D51 /* AppDelegate.swift */ = {isa = PBXFileReference; lastKnownFileType = sourcecode.swift; path = AppDelegate.swift; sourceTree = "<group>"; };
		5087F878239983BD00104D51 /* SceneDelegate.swift */ = {isa = PBXFileReference; lastKnownFileType = sourcecode.swift; path = SceneDelegate.swift; sourceTree = "<group>"; };
		5087F87F239983BE00104D51 /* Assets.xcassets */ = {isa = PBXFileReference; lastKnownFileType = folder.assetcatalog; path = Assets.xcassets; sourceTree = "<group>"; };
		5087F884239983BE00104D51 /* Info.plist */ = {isa = PBXFileReference; lastKnownFileType = text.plist.xml; path = Info.plist; sourceTree = "<group>"; };
		5087F889239983BF00104D51 /* QuickWeatherChanelTests.xctest */ = {isa = PBXFileReference; explicitFileType = wrapper.cfbundle; includeInIndex = 0; path = QuickWeatherChanelTests.xctest; sourceTree = BUILT_PRODUCTS_DIR; };
		5087F88D239983BF00104D51 /* WeatherInfoItemTests.swift */ = {isa = PBXFileReference; lastKnownFileType = sourcecode.swift; path = WeatherInfoItemTests.swift; sourceTree = "<group>"; };
		5087F88F239983BF00104D51 /* Info.plist */ = {isa = PBXFileReference; lastKnownFileType = text.plist.xml; path = Info.plist; sourceTree = "<group>"; };
		5087F89C2399870800104D51 /* CitiesTableViewController.swift */ = {isa = PBXFileReference; lastKnownFileType = sourcecode.swift; path = CitiesTableViewController.swift; sourceTree = "<group>"; };
		5087F8A22399974800104D51 /* CityNextDaysViewController.swift */ = {isa = PBXFileReference; lastKnownFileType = sourcecode.swift; path = CityNextDaysViewController.swift; sourceTree = "<group>"; };
		5087F8A42399A84000104D51 /* Launch Screen.storyboard */ = {isa = PBXFileReference; lastKnownFileType = file.storyboard; path = "Launch Screen.storyboard"; sourceTree = "<group>"; };
		5087F8A7239A585400104D51 /* WeatherInfoItem.swift */ = {isa = PBXFileReference; lastKnownFileType = sourcecode.swift; path = WeatherInfoItem.swift; sourceTree = "<group>"; };
/* End PBXFileReference section */

/* Begin PBXFrameworksBuildPhase section */
		5087F870239983BD00104D51 /* Frameworks */ = {
			isa = PBXFrameworksBuildPhase;
			buildActionMask = 2147483647;
			files = (
			);
			runOnlyForDeploymentPostprocessing = 0;
		};
		5087F886239983BF00104D51 /* Frameworks */ = {
			isa = PBXFrameworksBuildPhase;
			buildActionMask = 2147483647;
			files = (
			);
			runOnlyForDeploymentPostprocessing = 0;
		};
/* End PBXFrameworksBuildPhase section */

/* Begin PBXGroup section */
		5087F86A239983BD00104D51 = {
			isa = PBXGroup;
			children = (
				5087F8A6239A580800104D51 /* Entities */,
				5087F8A023998E3000104D51 /* CityNextDays */,
				5087F898239985F300104D51 /* Cities */,
				5087F875239983BD00104D51 /* QuickWeatherChanel */,
				5087F88C239983BF00104D51 /* QuickWeatherChanelTests */,
				5087F874239983BD00104D51 /* Products */,
			);
			sourceTree = "<group>";
		};
		5087F874239983BD00104D51 /* Products */ = {
			isa = PBXGroup;
			children = (
				5087F873239983BD00104D51 /* QuickWeatherChanel.app */,
				5087F889239983BF00104D51 /* QuickWeatherChanelTests.xctest */,
			);
			name = Products;
			sourceTree = "<group>";
		};
		5087F875239983BD00104D51 /* QuickWeatherChanel */ = {
			isa = PBXGroup;
			children = (
				5087F876239983BD00104D51 /* AppDelegate.swift */,
				5087F878239983BD00104D51 /* SceneDelegate.swift */,
				5087F87F239983BE00104D51 /* Assets.xcassets */,
				5087F884239983BE00104D51 /* Info.plist */,
				5087F8A42399A84000104D51 /* Launch Screen.storyboard */,
			);
			path = QuickWeatherChanel;
			sourceTree = "<group>";
		};
		5087F88C239983BF00104D51 /* QuickWeatherChanelTests */ = {
			isa = PBXGroup;
			children = (
				5087F88D239983BF00104D51 /* WeatherInfoItemTests.swift */,
				5087F88F239983BF00104D51 /* Info.plist */,
			);
			path = QuickWeatherChanelTests;
			sourceTree = "<group>";
		};
		5087F898239985F300104D51 /* Cities */ = {
			isa = PBXGroup;
			children = (
				5087F8992399864400104D51 /* View */,
				5087F89A2399865D00104D51 /* Presenter */,
				5087F89B2399867B00104D51 /* Worker */,
			);
			path = Cities;
			sourceTree = "<group>";
		};
		5087F8992399864400104D51 /* View */ = {
			isa = PBXGroup;
			children = (
				5087F89C2399870800104D51 /* CitiesTableViewController.swift */,
			);
			path = View;
			sourceTree = "<group>";
		};
		5087F89A2399865D00104D51 /* Presenter */ = {
			isa = PBXGroup;
			children = (
			);
			path = Presenter;
			sourceTree = "<group>";
		};
		5087F89B2399867B00104D51 /* Worker */ = {
			isa = PBXGroup;
			children = (
			);
			path = Worker;
			sourceTree = "<group>";
		};
		5087F8A023998E3000104D51 /* CityNextDays */ = {
			isa = PBXGroup;
			children = (
				5087F8A123998E3E00104D51 /* View */,
			);
			path = CityNextDays;
			sourceTree = "<group>";
		};
		5087F8A123998E3E00104D51 /* View */ = {
			isa = PBXGroup;
			children = (
				5087F8A22399974800104D51 /* CityNextDaysViewController.swift */,
			);
			path = View;
			sourceTree = "<group>";
		};
		5087F8A6239A580800104D51 /* Entities */ = {
			isa = PBXGroup;
			children = (
				5087F8A7239A585400104D51 /* WeatherInfoItem.swift */,
			);
			path = Entities;
			sourceTree = "<group>";
		};
/* End PBXGroup section */

/* Begin PBXNativeTarget section */
		5087F872239983BD00104D51 /* QuickWeatherChanel */ = {
			isa = PBXNativeTarget;
			buildConfigurationList = 5087F892239983BF00104D51 /* Build configuration list for PBXNativeTarget "QuickWeatherChanel" */;
			buildPhases = (
				5087F86F239983BD00104D51 /* Sources */,
				5087F870239983BD00104D51 /* Frameworks */,
				5087F871239983BD00104D51 /* Resources */,
			);
			buildRules = (
			);
			dependencies = (
			);
			name = QuickWeatherChanel;
			productName = QuickWeatherChanel;
			productReference = 5087F873239983BD00104D51 /* QuickWeatherChanel.app */;
			productType = "com.apple.product-type.application";
		};
		5087F888239983BF00104D51 /* QuickWeatherChanelTests */ = {
			isa = PBXNativeTarget;
			buildConfigurationList = 5087F895239983BF00104D51 /* Build configuration list for PBXNativeTarget "QuickWeatherChanelTests" */;
			buildPhases = (
				5087F885239983BF00104D51 /* Sources */,
				5087F886239983BF00104D51 /* Frameworks */,
				5087F887239983BF00104D51 /* Resources */,
			);
			buildRules = (
			);
			dependencies = (
				5087F88B239983BF00104D51 /* PBXTargetDependency */,
			);
			name = QuickWeatherChanelTests;
			productName = QuickWeatherChanelTests;
			productReference = 5087F889239983BF00104D51 /* QuickWeatherChanelTests.xctest */;
			productType = "com.apple.product-type.bundle.unit-test";
		};
/* End PBXNativeTarget section */

/* Begin PBXProject section */
		5087F86B239983BD00104D51 /* Project object */ = {
			isa = PBXProject;
			attributes = {
				LastSwiftUpdateCheck = 1120;
				LastUpgradeCheck = 1120;
				ORGANIZATIONNAME = Max;
				TargetAttributes = {
					5087F872239983BD00104D51 = {
						CreatedOnToolsVersion = 11.2.1;
					};
					5087F888239983BF00104D51 = {
						CreatedOnToolsVersion = 11.2.1;
					};
				};
			};
			buildConfigurationList = 5087F86E239983BD00104D51 /* Build configuration list for PBXProject "QuickWeatherChanel" */;
			compatibilityVersion = "Xcode 9.3";
			developmentRegion = en;
			hasScannedForEncodings = 0;
			knownRegions = (
				en,
				Base,
			);
			mainGroup = 5087F86A239983BD00104D51;
			productRefGroup = 5087F874239983BD00104D51 /* Products */;
			projectDirPath = "";
			projectRoot = "";
			targets = (
				5087F872239983BD00104D51 /* QuickWeatherChanel */,
				5087F888239983BF00104D51 /* QuickWeatherChanelTests */,
			);
		};
/* End PBXProject section */

/* Begin PBXResourcesBuildPhase section */
		5087F871239983BD00104D51 /* Resources */ = {
			isa = PBXResourcesBuildPhase;
			buildActionMask = 2147483647;
			files = (
				5087F8A52399A84000104D51 /* Launch Screen.storyboard in Resources */,
				5087F880239983BE00104D51 /* Assets.xcassets in Resources */,
			);
			runOnlyForDeploymentPostprocessing = 0;
		};
		5087F887239983BF00104D51 /* Resources */ = {
			isa = PBXResourcesBuildPhase;
			buildActionMask = 2147483647;
			files = (
			);
			runOnlyForDeploymentPostprocessing = 0;
		};
/* End PBXResourcesBuildPhase section */

/* Begin PBXSourcesBuildPhase section */
		5087F86F239983BD00104D51 /* Sources */ = {
			isa = PBXSourcesBuildPhase;
			buildActionMask = 2147483647;
			files = (
				5087F877239983BD00104D51 /* AppDelegate.swift in Sources */,
				5087F879239983BD00104D51 /* SceneDelegate.swift in Sources */,
				5087F8A32399974800104D51 /* CityNextDaysViewController.swift in Sources */,
				5087F8A8239A585400104D51 /* WeatherInfoItem.swift in Sources */,
				5087F89E2399870800104D51 /* CitiesTableViewController.swift in Sources */,
			);
			runOnlyForDeploymentPostprocessing = 0;
		};
		5087F885239983BF00104D51 /* Sources */ = {
			isa = PBXSourcesBuildPhase;
			buildActionMask = 2147483647;
			files = (
				5087F88E239983BF00104D51 /* WeatherInfoItemTests.swift in Sources */,
				5087F8A9239A5A1100104D51 /* WeatherInfoItem.swift in Sources */,
			);
			runOnlyForDeploymentPostprocessing = 0;
		};
/* End PBXSourcesBuildPhase section */

/* Begin PBXTargetDependency section */
		5087F88B239983BF00104D51 /* PBXTargetDependency */ = {
			isa = PBXTargetDependency;
			target = 5087F872239983BD00104D51 /* QuickWeatherChanel */;
			targetProxy = 5087F88A239983BF00104D51 /* PBXContainerItemProxy */;
		};
/* End PBXTargetDependency section */

/* Begin XCBuildConfiguration section */
		5087F890239983BF00104D51 /* Debug */ = {
			isa = XCBuildConfiguration;
			buildSettings = {
				ALWAYS_SEARCH_USER_PATHS = NO;
				CLANG_ANALYZER_NONNULL = YES;
				CLANG_ANALYZER_NUMBER_OBJECT_CONVERSION = YES_AGGRESSIVE;
				CLANG_CXX_LANGUAGE_STANDARD = "gnu++14";
				CLANG_CXX_LIBRARY = "libc++";
				CLANG_ENABLE_MODULES = YES;
				CLANG_ENABLE_OBJC_ARC = YES;
				CLANG_ENABLE_OBJC_WEAK = YES;
				CLANG_WARN_BLOCK_CAPTURE_AUTORELEASING = YES;
				CLANG_WARN_BOOL_CONVERSION = YES;
				CLANG_WARN_COMMA = YES;
				CLANG_WARN_CONSTANT_CONVERSION = YES;
				CLANG_WARN_DEPRECATED_OBJC_IMPLEMENTATIONS = YES;
				CLANG_WARN_DIRECT_OBJC_ISA_USAGE = YES_ERROR;
				CLANG_WARN_DOCUMENTATION_COMMENTS = YES;
				CLANG_WARN_EMPTY_BODY = YES;
				CLANG_WARN_ENUM_CONVERSION = YES;
				CLANG_WARN_INFINITE_RECURSION = YES;
				CLANG_WARN_INT_CONVERSION = YES;
				CLANG_WARN_NON_LITERAL_NULL_CONVERSION = YES;
				CLANG_WARN_OBJC_IMPLICIT_RETAIN_SELF = YES;
				CLANG_WARN_OBJC_LITERAL_CONVERSION = YES;
				CLANG_WARN_OBJC_ROOT_CLASS = YES_ERROR;
				CLANG_WARN_RANGE_LOOP_ANALYSIS = YES;
				CLANG_WARN_STRICT_PROTOTYPES = YES;
				CLANG_WARN_SUSPICIOUS_MOVE = YES;
				CLANG_WARN_UNGUARDED_AVAILABILITY = YES_AGGRESSIVE;
				CLANG_WARN_UNREACHABLE_CODE = YES;
				CLANG_WARN__DUPLICATE_METHOD_MATCH = YES;
				COPY_PHASE_STRIP = NO;
				DEBUG_INFORMATION_FORMAT = dwarf;
				ENABLE_STRICT_OBJC_MSGSEND = YES;
				ENABLE_TESTABILITY = YES;
				GCC_C_LANGUAGE_STANDARD = gnu11;
				GCC_DYNAMIC_NO_PIC = NO;
				GCC_NO_COMMON_BLOCKS = YES;
				GCC_OPTIMIZATION_LEVEL = 0;
				GCC_PREPROCESSOR_DEFINITIONS = (
					"DEBUG=1",
					"$(inherited)",
				);
				GCC_WARN_64_TO_32_BIT_CONVERSION = YES;
				GCC_WARN_ABOUT_RETURN_TYPE = YES_ERROR;
				GCC_WARN_UNDECLARED_SELECTOR = YES;
				GCC_WARN_UNINITIALIZED_AUTOS = YES_AGGRESSIVE;
				GCC_WARN_UNUSED_FUNCTION = YES;
				GCC_WARN_UNUSED_VARIABLE = YES;
				IPHONEOS_DEPLOYMENT_TARGET = 13.2;
				MTL_ENABLE_DEBUG_INFO = INCLUDE_SOURCE;
				MTL_FAST_MATH = YES;
				ONLY_ACTIVE_ARCH = YES;
				SDKROOT = iphoneos;
				SWIFT_ACTIVE_COMPILATION_CONDITIONS = DEBUG;
				SWIFT_OPTIMIZATION_LEVEL = "-Onone";
			};
			name = Debug;
		};
		5087F891239983BF00104D51 /* Release */ = {
			isa = XCBuildConfiguration;
			buildSettings = {
				ALWAYS_SEARCH_USER_PATHS = NO;
				CLANG_ANALYZER_NONNULL = YES;
				CLANG_ANALYZER_NUMBER_OBJECT_CONVERSION = YES_AGGRESSIVE;
				CLANG_CXX_LANGUAGE_STANDARD = "gnu++14";
				CLANG_CXX_LIBRARY = "libc++";
				CLANG_ENABLE_MODULES = YES;
				CLANG_ENABLE_OBJC_ARC = YES;
				CLANG_ENABLE_OBJC_WEAK = YES;
				CLANG_WARN_BLOCK_CAPTURE_AUTORELEASING = YES;
				CLANG_WARN_BOOL_CONVERSION = YES;
				CLANG_WARN_COMMA = YES;
				CLANG_WARN_CONSTANT_CONVERSION = YES;
				CLANG_WARN_DEPRECATED_OBJC_IMPLEMENTATIONS = YES;
				CLANG_WARN_DIRECT_OBJC_ISA_USAGE = YES_ERROR;
				CLANG_WARN_DOCUMENTATION_COMMENTS = YES;
				CLANG_WARN_EMPTY_BODY = YES;
				CLANG_WARN_ENUM_CONVERSION = YES;
				CLANG_WARN_INFINITE_RECURSION = YES;
				CLANG_WARN_INT_CONVERSION = YES;
				CLANG_WARN_NON_LITERAL_NULL_CONVERSION = YES;
				CLANG_WARN_OBJC_IMPLICIT_RETAIN_SELF = YES;
				CLANG_WARN_OBJC_LITERAL_CONVERSION = YES;
				CLANG_WARN_OBJC_ROOT_CLASS = YES_ERROR;
				CLANG_WARN_RANGE_LOOP_ANALYSIS = YES;
				CLANG_WARN_STRICT_PROTOTYPES = YES;
				CLANG_WARN_SUSPICIOUS_MOVE = YES;
				CLANG_WARN_UNGUARDED_AVAILABILITY = YES_AGGRESSIVE;
				CLANG_WARN_UNREACHABLE_CODE = YES;
				CLANG_WARN__DUPLICATE_METHOD_MATCH = YES;
				COPY_PHASE_STRIP = NO;
				DEBUG_INFORMATION_FORMAT = "dwarf-with-dsym";
				ENABLE_NS_ASSERTIONS = NO;
				ENABLE_STRICT_OBJC_MSGSEND = YES;
				GCC_C_LANGUAGE_STANDARD = gnu11;
				GCC_NO_COMMON_BLOCKS = YES;
				GCC_WARN_64_TO_32_BIT_CONVERSION = YES;
				GCC_WARN_ABOUT_RETURN_TYPE = YES_ERROR;
				GCC_WARN_UNDECLARED_SELECTOR = YES;
				GCC_WARN_UNINITIALIZED_AUTOS = YES_AGGRESSIVE;
				GCC_WARN_UNUSED_FUNCTION = YES;
				GCC_WARN_UNUSED_VARIABLE = YES;
				IPHONEOS_DEPLOYMENT_TARGET = 13.2;
				MTL_ENABLE_DEBUG_INFO = NO;
				MTL_FAST_MATH = YES;
				SDKROOT = iphoneos;
				SWIFT_COMPILATION_MODE = wholemodule;
				SWIFT_OPTIMIZATION_LEVEL = "-O";
				VALIDATE_PRODUCT = YES;
			};
			name = Release;
		};
		5087F893239983BF00104D51 /* Debug */ = {
			isa = XCBuildConfiguration;
			buildSettings = {
				ASSETCATALOG_COMPILER_APPICON_NAME = AppIcon;
				CODE_SIGN_STYLE = Automatic;
				INFOPLIST_FILE = QuickWeatherChanel/Info.plist;
				LD_RUNPATH_SEARCH_PATHS = (
					"$(inherited)",
					"@executable_path/Frameworks",
				);
				PRODUCT_BUNDLE_IDENTIFIER = com.wcompany.QuickWeatherChanel;
				PRODUCT_NAME = "$(TARGET_NAME)";
				SWIFT_VERSION = 5.0;
				TARGETED_DEVICE_FAMILY = "1,2";
			};
			name = Debug;
		};
		5087F894239983BF00104D51 /* Release */ = {
			isa = XCBuildConfiguration;
			buildSettings = {
				ASSETCATALOG_COMPILER_APPICON_NAME = AppIcon;
				CODE_SIGN_STYLE = Automatic;
				INFOPLIST_FILE = QuickWeatherChanel/Info.plist;
				LD_RUNPATH_SEARCH_PATHS = (
					"$(inherited)",
					"@executable_path/Frameworks",
				);
				PRODUCT_BUNDLE_IDENTIFIER = com.wcompany.QuickWeatherChanel;
				PRODUCT_NAME = "$(TARGET_NAME)";
				SWIFT_VERSION = 5.0;
				TARGETED_DEVICE_FAMILY = "1,2";
			};
			name = Release;
		};
		5087F896239983BF00104D51 /* Debug */ = {
			isa = XCBuildConfiguration;
			buildSettings = {
				ALWAYS_EMBED_SWIFT_STANDARD_LIBRARIES = YES;
				CODE_SIGN_STYLE = Automatic;
				INFOPLIST_FILE = QuickWeatherChanelTests/Info.plist;
				IPHONEOS_DEPLOYMENT_TARGET = 13.2;
				LD_RUNPATH_SEARCH_PATHS = (
					"$(inherited)",
					"@executable_path/Frameworks",
					"@loader_path/Frameworks",
				);
				PRODUCT_BUNDLE_IDENTIFIER = com.wcompany.QuickWeatherChanelTests;
				PRODUCT_NAME = "$(TARGET_NAME)";
				SWIFT_VERSION = 5.0;
				TARGETED_DEVICE_FAMILY = "1,2";
			};
			name = Debug;
		};
		5087F897239983BF00104D51 /* Release */ = {
			isa = XCBuildConfiguration;
			buildSettings = {
				ALWAYS_EMBED_SWIFT_STANDARD_LIBRARIES = YES;
				CODE_SIGN_STYLE = Automatic;
				INFOPLIST_FILE = QuickWeatherChanelTests/Info.plist;
				IPHONEOS_DEPLOYMENT_TARGET = 13.2;
				LD_RUNPATH_SEARCH_PATHS = (
					"$(inherited)",
					"@executable_path/Frameworks",
					"@loader_path/Frameworks",
				);
				PRODUCT_BUNDLE_IDENTIFIER = com.wcompany.QuickWeatherChanelTests;
				PRODUCT_NAME = "$(TARGET_NAME)";
				SWIFT_VERSION = 5.0;
				TARGETED_DEVICE_FAMILY = "1,2";
			};
			name = Release;
		};
/* End XCBuildConfiguration section */

/* Begin XCConfigurationList section */
		5087F86E239983BD00104D51 /* Build configuration list for PBXProject "QuickWeatherChanel" */ = {
			isa = XCConfigurationList;
			buildConfigurations = (
				5087F890239983BF00104D51 /* Debug */,
				5087F891239983BF00104D51 /* Release */,
			);
			defaultConfigurationIsVisible = 0;
			defaultConfigurationName = Release;
		};
		5087F892239983BF00104D51 /* Build configuration list for PBXNativeTarget "QuickWeatherChanel" */ = {
			isa = XCConfigurationList;
			buildConfigurations = (
				5087F893239983BF00104D51 /* Debug */,
				5087F894239983BF00104D51 /* Release */,
			);
			defaultConfigurationIsVisible = 0;
			defaultConfigurationName = Release;
		};
		5087F895239983BF00104D51 /* Build configuration list for PBXNativeTarget "QuickWeatherChanelTests" */ = {
			isa = XCConfigurationList;
			buildConfigurations = (
				5087F896239983BF00104D51 /* Debug */,
				5087F897239983BF00104D51 /* Release */,
			);
			defaultConfigurationIsVisible = 0;
			defaultConfigurationName = Release;
		};
/* End XCConfigurationList section */
	};
	rootObject = 5087F86B239983BD00104D51 /* Project object */;
}
